
Microsoft Visual Studio Solution File, Format Version 12.00
# Visual Studio Version 16
VisualStudioVersion = 16.0.31624.102
MinimumVisualStudioVersion = 10.0.40219.1
Project("{FAE04EC0-301F-11D3-BF4B-00C04F79EFBC}") = "ProyectoIsaelo", "ProyectoIsaelo\ProyectoIsaelo.csproj", "{4F6416EB-6498-4BCF-9E37-520A9DB5DBAC}"
EndProject
Global
	GlobalSection(SolutionConfigurationPlatforms) = preSolution
		Debug|Any CPU = Debug|Any CPU
		Release|Any CPU = Release|Any CPU
	EndGlobalSection
	GlobalSection(ProjectConfigurationPlatforms) = postSolution
		{4F6416EB-6498-4BCF-9E37-520A9DB5DBAC}.Debug|Any CPU.ActiveCfg = Debug|Any CPU
		{4F6416EB-6498-4BCF-9E37-520A9DB5DBAC}.Debug|Any CPU.Build.0 = Debug|Any CPU
		{4F6416EB-6498-4BCF-9E37-520A9DB5DBAC}.Release|Any CPU.ActiveCfg = Release|Any CPU
		{4F6416EB-6498-4BCF-9E37-520A9DB5DBAC}.Release|Any CPU.Build.0 = Release|Any CPU
	EndGlobalSection
	GlobalSection(SolutionProperties) = preSolution
		HideSolutionNode = FALSE
	EndGlobalSection
	GlobalSection(ExtensibilityGlobals) = postSolution
		SolutionGuid = {E27D61CD-F591-4C4E-8553-7225D9A65B86}
	EndGlobalSection
EndGlobal
